// !$*UTF8*$!
{
	archiveVersion = 1;
	classes = {
	};
	objectVersion = 50;
	objects = {

/* Begin PBXBuildFile section */
		390069310CEF107C1C550849 /* Pods_MVVM_ToDoList.framework in Frameworks */ = {isa = PBXBuildFile; fileRef = 5179F295E95E0B5E7895D40F /* Pods_MVVM_ToDoList.framework */; };
		EC1A1EC322AFE2A000E428F6 /* AppDelegate.swift in Sources */ = {isa = PBXBuildFile; fileRef = EC1A1EC222AFE2A000E428F6 /* AppDelegate.swift */; };
		EC1A1EC522AFE2A000E428F6 /* ViewController.swift in Sources */ = {isa = PBXBuildFile; fileRef = EC1A1EC422AFE2A000E428F6 /* ViewController.swift */; };
		EC1A1EC822AFE2A000E428F6 /* Main.storyboard in Resources */ = {isa = PBXBuildFile; fileRef = EC1A1EC622AFE2A000E428F6 /* Main.storyboard */; };
		EC1A1ECA22AFE2A100E428F6 /* Assets.xcassets in Resources */ = {isa = PBXBuildFile; fileRef = EC1A1EC922AFE2A100E428F6 /* Assets.xcassets */; };
		EC1A1ECD22AFE2A100E428F6 /* LaunchScreen.storyboard in Resources */ = {isa = PBXBuildFile; fileRef = EC1A1ECB22AFE2A100E428F6 /* LaunchScreen.storyboard */; };
		EC1A1ED822AFE2A100E428F6 /* MVVM_ToDoListTests.swift in Sources */ = {isa = PBXBuildFile; fileRef = EC1A1ED722AFE2A100E428F6 /* MVVM_ToDoListTests.swift */; };
		EC1A1EE322AFE2A100E428F6 /* MVVM_ToDoListUITests.swift in Sources */ = {isa = PBXBuildFile; fileRef = EC1A1EE222AFE2A100E428F6 /* MVVM_ToDoListUITests.swift */; };
		EC1A1EF622AFEADD00E428F6 /* TaskModel.swift in Sources */ = {isa = PBXBuildFile; fileRef = EC1A1EF522AFEADD00E428F6 /* TaskModel.swift */; };
		ECB0E22622B24E510002B3B4 /* GoogleService-Info.plist in Resources */ = {isa = PBXBuildFile; fileRef = ECB0E22522B24E510002B3B4 /* GoogleService-Info.plist */; };
		ECB0E22822B24F0C0002B3B4 /* DatabaseService.swift in Sources */ = {isa = PBXBuildFile; fileRef = ECB0E22722B24F0C0002B3B4 /* DatabaseService.swift */; };
		ECB0E22B22B2500B0002B3B4 /* FirebaseDatabaseService.swift in Sources */ = {isa = PBXBuildFile; fileRef = ECB0E22A22B2500B0002B3B4 /* FirebaseDatabaseService.swift */; };
		ECB0E22E22B268310002B3B4 /* AddTaskViewModel.swift in Sources */ = {isa = PBXBuildFile; fileRef = ECB0E22D22B268310002B3B4 /* AddTaskViewModel.swift */; };
		ECB0E23022B268760002B3B4 /* AddTaskViewController.swift in Sources */ = {isa = PBXBuildFile; fileRef = ECB0E22F22B268760002B3B4 /* AddTaskViewController.swift */; };
		ECB0E23422B27AA30002B3B4 /* TasksList.swift in Sources */ = {isa = PBXBuildFile; fileRef = ECB0E23322B27AA30002B3B4 /* TasksList.swift */; };
		ECB16CA422B0FEF800A9D12A /* ViewModel.swift in Sources */ = {isa = PBXBuildFile; fileRef = ECB16CA322B0FEF800A9D12A /* ViewModel.swift */; };
		ECB16CA922B105E400A9D12A /* TaskCell.swift in Sources */ = {isa = PBXBuildFile; fileRef = ECB16CA822B105E400A9D12A /* TaskCell.swift */; };
		ECB16CAD22B10DDA00A9D12A /* NavigationViewModel.swift in Sources */ = {isa = PBXBuildFile; fileRef = ECB16CAC22B10DDA00A9D12A /* NavigationViewModel.swift */; };
		ECB16CB022B10F3800A9D12A /* Scene.swift in Sources */ = {isa = PBXBuildFile; fileRef = ECB16CAF22B10F3800A9D12A /* Scene.swift */; };
		ECB16CB222B110E900A9D12A /* TasksListViewModel.swift in Sources */ = {isa = PBXBuildFile; fileRef = ECB16CB122B110E900A9D12A /* TasksListViewModel.swift */; };
		ECB16CB522B1122500A9D12A /* Services.swift in Sources */ = {isa = PBXBuildFile; fileRef = ECB16CB422B1122500A9D12A /* Services.swift */; };
		ECB16CC222B11B5700A9D12A /* TasksListViewController.swift in Sources */ = {isa = PBXBuildFile; fileRef = ECB16CC122B11B5700A9D12A /* TasksListViewController.swift */; };
		ECB16CC422B120E700A9D12A /* SplashViewModel.swift in Sources */ = {isa = PBXBuildFile; fileRef = ECB16CC322B120E700A9D12A /* SplashViewModel.swift */; };
		ECB16CC622B1210B00A9D12A /* SplashViewController.swift in Sources */ = {isa = PBXBuildFile; fileRef = ECB16CC522B1210B00A9D12A /* SplashViewController.swift */; };
		ECB16CC922B1254500A9D12A /* SceneType.swift in Sources */ = {isa = PBXBuildFile; fileRef = ECB16CC822B1254500A9D12A /* SceneType.swift */; };
		ECB16CCB22B1284F00A9D12A /* NavigationController.swift in Sources */ = {isa = PBXBuildFile; fileRef = ECB16CCA22B1284F00A9D12A /* NavigationController.swift */; };
		ECB16CCD22B129BE00A9D12A /* SceneCoordinator.swift in Sources */ = {isa = PBXBuildFile; fileRef = ECB16CCC22B129BE00A9D12A /* SceneCoordinator.swift */; };
		ECB16CCF22B12A9600A9D12A /* SceneCoordinatorType.swift in Sources */ = {isa = PBXBuildFile; fileRef = ECB16CCE22B12A9600A9D12A /* SceneCoordinatorType.swift */; };
		ECB16CD122B12B2000A9D12A /* SceneTransitionType.swift in Sources */ = {isa = PBXBuildFile; fileRef = ECB16CD022B12B2000A9D12A /* SceneTransitionType.swift */; };
/* End PBXBuildFile section */

/* Begin PBXContainerItemProxy section */
		EC1A1ED422AFE2A100E428F6 /* PBXContainerItemProxy */ = {
			isa = PBXContainerItemProxy;
			containerPortal = EC1A1EB722AFE2A000E428F6 /* Project object */;
			proxyType = 1;
			remoteGlobalIDString = EC1A1EBE22AFE2A000E428F6;
			remoteInfo = MVVM_ToDoList;
		};
		EC1A1EDF22AFE2A100E428F6 /* PBXContainerItemProxy */ = {
			isa = PBXContainerItemProxy;
			containerPortal = EC1A1EB722AFE2A000E428F6 /* Project object */;
			proxyType = 1;
			remoteGlobalIDString = EC1A1EBE22AFE2A000E428F6;
			remoteInfo = MVVM_ToDoList;
		};
/* End PBXContainerItemProxy section */

/* Begin PBXFileReference section */
		10EF562D6D2D44150779B98D /* Pods-MVVM_ToDoList.debug.xcconfig */ = {isa = PBXFileReference; includeInIndex = 1; lastKnownFileType = text.xcconfig; name = "Pods-MVVM_ToDoList.debug.xcconfig"; path = "Target Support Files/Pods-MVVM_ToDoList/Pods-MVVM_ToDoList.debug.xcconfig"; sourceTree = "<group>"; };
		5179F295E95E0B5E7895D40F /* Pods_MVVM_ToDoList.framework */ = {isa = PBXFileReference; explicitFileType = wrapper.framework; includeInIndex = 0; path = Pods_MVVM_ToDoList.framework; sourceTree = BUILT_PRODUCTS_DIR; };
		E30BEA74580EA514B8DF1568 /* Pods-MVVM_ToDoList.release.xcconfig */ = {isa = PBXFileReference; includeInIndex = 1; lastKnownFileType = text.xcconfig; name = "Pods-MVVM_ToDoList.release.xcconfig"; path = "Target Support Files/Pods-MVVM_ToDoList/Pods-MVVM_ToDoList.release.xcconfig"; sourceTree = "<group>"; };
		EC1A1EBF22AFE2A000E428F6 /* MVVM_ToDoList.app */ = {isa = PBXFileReference; explicitFileType = wrapper.application; includeInIndex = 0; path = MVVM_ToDoList.app; sourceTree = BUILT_PRODUCTS_DIR; };
		EC1A1EC222AFE2A000E428F6 /* AppDelegate.swift */ = {isa = PBXFileReference; lastKnownFileType = sourcecode.swift; path = AppDelegate.swift; sourceTree = "<group>"; };
		EC1A1EC422AFE2A000E428F6 /* ViewController.swift */ = {isa = PBXFileReference; lastKnownFileType = sourcecode.swift; path = ViewController.swift; sourceTree = "<group>"; };
		EC1A1EC722AFE2A000E428F6 /* Base */ = {isa = PBXFileReference; lastKnownFileType = file.storyboard; name = Base; path = Base.lproj/Main.storyboard; sourceTree = "<group>"; };
		EC1A1EC922AFE2A100E428F6 /* Assets.xcassets */ = {isa = PBXFileReference; lastKnownFileType = folder.assetcatalog; path = Assets.xcassets; sourceTree = "<group>"; };
		EC1A1ECC22AFE2A100E428F6 /* Base */ = {isa = PBXFileReference; lastKnownFileType = file.storyboard; name = Base; path = Base.lproj/LaunchScreen.storyboard; sourceTree = "<group>"; };
		EC1A1ECE22AFE2A100E428F6 /* Info.plist */ = {isa = PBXFileReference; lastKnownFileType = text.plist.xml; path = Info.plist; sourceTree = "<group>"; };
		EC1A1ED322AFE2A100E428F6 /* MVVM_ToDoListTests.xctest */ = {isa = PBXFileReference; explicitFileType = wrapper.cfbundle; includeInIndex = 0; path = MVVM_ToDoListTests.xctest; sourceTree = BUILT_PRODUCTS_DIR; };
		EC1A1ED722AFE2A100E428F6 /* MVVM_ToDoListTests.swift */ = {isa = PBXFileReference; lastKnownFileType = sourcecode.swift; path = MVVM_ToDoListTests.swift; sourceTree = "<group>"; };
		EC1A1ED922AFE2A100E428F6 /* Info.plist */ = {isa = PBXFileReference; lastKnownFileType = text.plist.xml; path = Info.plist; sourceTree = "<group>"; };
		EC1A1EDE22AFE2A100E428F6 /* MVVM_ToDoListUITests.xctest */ = {isa = PBXFileReference; explicitFileType = wrapper.cfbundle; includeInIndex = 0; path = MVVM_ToDoListUITests.xctest; sourceTree = BUILT_PRODUCTS_DIR; };
		EC1A1EE222AFE2A100E428F6 /* MVVM_ToDoListUITests.swift */ = {isa = PBXFileReference; lastKnownFileType = sourcecode.swift; path = MVVM_ToDoListUITests.swift; sourceTree = "<group>"; };
		EC1A1EE422AFE2A100E428F6 /* Info.plist */ = {isa = PBXFileReference; lastKnownFileType = text.plist.xml; path = Info.plist; sourceTree = "<group>"; };
		EC1A1EF522AFEADD00E428F6 /* TaskModel.swift */ = {isa = PBXFileReference; lastKnownFileType = sourcecode.swift; path = TaskModel.swift; sourceTree = "<group>"; };
		ECB0E22522B24E510002B3B4 /* GoogleService-Info.plist */ = {isa = PBXFileReference; fileEncoding = 4; lastKnownFileType = text.plist.xml; path = "GoogleService-Info.plist"; sourceTree = "<group>"; };
		ECB0E22722B24F0C0002B3B4 /* DatabaseService.swift */ = {isa = PBXFileReference; lastKnownFileType = sourcecode.swift; path = DatabaseService.swift; sourceTree = "<group>"; };
		ECB0E22A22B2500B0002B3B4 /* FirebaseDatabaseService.swift */ = {isa = PBXFileReference; lastKnownFileType = sourcecode.swift; path = FirebaseDatabaseService.swift; sourceTree = "<group>"; };
		ECB0E22D22B268310002B3B4 /* AddTaskViewModel.swift */ = {isa = PBXFileReference; lastKnownFileType = sourcecode.swift; path = AddTaskViewModel.swift; sourceTree = "<group>"; };
		ECB0E22F22B268760002B3B4 /* AddTaskViewController.swift */ = {isa = PBXFileReference; lastKnownFileType = sourcecode.swift; path = AddTaskViewController.swift; sourceTree = "<group>"; };
		ECB0E23322B27AA30002B3B4 /* TasksList.swift */ = {isa = PBXFileReference; lastKnownFileType = sourcecode.swift; path = TasksList.swift; sourceTree = "<group>"; };
		ECB16CA322B0FEF800A9D12A /* ViewModel.swift */ = {isa = PBXFileReference; lastKnownFileType = sourcecode.swift; path = ViewModel.swift; sourceTree = "<group>"; };
		ECB16CA822B105E400A9D12A /* TaskCell.swift */ = {isa = PBXFileReference; lastKnownFileType = sourcecode.swift; path = TaskCell.swift; sourceTree = "<group>"; };
		ECB16CAC22B10DDA00A9D12A /* NavigationViewModel.swift */ = {isa = PBXFileReference; lastKnownFileType = sourcecode.swift; path = NavigationViewModel.swift; sourceTree = "<group>"; };
		ECB16CAF22B10F3800A9D12A /* Scene.swift */ = {isa = PBXFileReference; lastKnownFileType = sourcecode.swift; path = Scene.swift; sourceTree = "<group>"; };
		ECB16CB122B110E900A9D12A /* TasksListViewModel.swift */ = {isa = PBXFileReference; lastKnownFileType = sourcecode.swift; path = TasksListViewModel.swift; sourceTree = "<group>"; };
		ECB16CB422B1122500A9D12A /* Services.swift */ = {isa = PBXFileReference; lastKnownFileType = sourcecode.swift; path = Services.swift; sourceTree = "<group>"; };
		ECB16CC122B11B5700A9D12A /* TasksListViewController.swift */ = {isa = PBXFileReference; lastKnownFileType = sourcecode.swift; path = TasksListViewController.swift; sourceTree = "<group>"; };
		ECB16CC322B120E700A9D12A /* SplashViewModel.swift */ = {isa = PBXFileReference; lastKnownFileType = sourcecode.swift; path = SplashViewModel.swift; sourceTree = "<group>"; };
		ECB16CC522B1210B00A9D12A /* SplashViewController.swift */ = {isa = PBXFileReference; lastKnownFileType = sourcecode.swift; path = SplashViewController.swift; sourceTree = "<group>"; };
		ECB16CC822B1254500A9D12A /* SceneType.swift */ = {isa = PBXFileReference; lastKnownFileType = sourcecode.swift; path = SceneType.swift; sourceTree = "<group>"; };
		ECB16CCA22B1284F00A9D12A /* NavigationController.swift */ = {isa = PBXFileReference; lastKnownFileType = sourcecode.swift; path = NavigationController.swift; sourceTree = "<group>"; };
		ECB16CCC22B129BE00A9D12A /* SceneCoordinator.swift */ = {isa = PBXFileReference; lastKnownFileType = sourcecode.swift; path = SceneCoordinator.swift; sourceTree = "<group>"; };
		ECB16CCE22B12A9600A9D12A /* SceneCoordinatorType.swift */ = {isa = PBXFileReference; lastKnownFileType = sourcecode.swift; path = SceneCoordinatorType.swift; sourceTree = "<group>"; };
		ECB16CD022B12B2000A9D12A /* SceneTransitionType.swift */ = {isa = PBXFileReference; lastKnownFileType = sourcecode.swift; path = SceneTransitionType.swift; sourceTree = "<group>"; };
/* End PBXFileReference section */

/* Begin PBXFrameworksBuildPhase section */
		EC1A1EBC22AFE2A000E428F6 /* Frameworks */ = {
			isa = PBXFrameworksBuildPhase;
			buildActionMask = 2147483647;
			files = (
				390069310CEF107C1C550849 /* Pods_MVVM_ToDoList.framework in Frameworks */,
			);
			runOnlyForDeploymentPostprocessing = 0;
		};
		EC1A1ED022AFE2A100E428F6 /* Frameworks */ = {
			isa = PBXFrameworksBuildPhase;
			buildActionMask = 2147483647;
			files = (
			);
			runOnlyForDeploymentPostprocessing = 0;
		};
		EC1A1EDB22AFE2A100E428F6 /* Frameworks */ = {
			isa = PBXFrameworksBuildPhase;
			buildActionMask = 2147483647;
			files = (
			);
			runOnlyForDeploymentPostprocessing = 0;
		};
/* End PBXFrameworksBuildPhase section */

/* Begin PBXGroup section */
		186765A45ED0AACBEACB962B /* Frameworks */ = {
			isa = PBXGroup;
			children = (
				5179F295E95E0B5E7895D40F /* Pods_MVVM_ToDoList.framework */,
			);
			name = Frameworks;
			sourceTree = "<group>";
		};
		E65D1FEA52353A0F49D4388B /* Pods */ = {
			isa = PBXGroup;
			children = (
				10EF562D6D2D44150779B98D /* Pods-MVVM_ToDoList.debug.xcconfig */,
				E30BEA74580EA514B8DF1568 /* Pods-MVVM_ToDoList.release.xcconfig */,
			);
			path = Pods;
			sourceTree = "<group>";
		};
		EC1A1EB622AFE2A000E428F6 = {
			isa = PBXGroup;
			children = (
				EC1A1EC122AFE2A000E428F6 /* MVVM_ToDoList */,
				EC1A1ED622AFE2A100E428F6 /* MVVM_ToDoListTests */,
				EC1A1EE122AFE2A100E428F6 /* MVVM_ToDoListUITests */,
				EC1A1EC022AFE2A000E428F6 /* Products */,
				E65D1FEA52353A0F49D4388B /* Pods */,
				186765A45ED0AACBEACB962B /* Frameworks */,
			);
			sourceTree = "<group>";
		};
		EC1A1EC022AFE2A000E428F6 /* Products */ = {
			isa = PBXGroup;
			children = (
				EC1A1EBF22AFE2A000E428F6 /* MVVM_ToDoList.app */,
				EC1A1ED322AFE2A100E428F6 /* MVVM_ToDoListTests.xctest */,
				EC1A1EDE22AFE2A100E428F6 /* MVVM_ToDoListUITests.xctest */,
			);
			name = Products;
			sourceTree = "<group>";
		};
		EC1A1EC122AFE2A000E428F6 /* MVVM_ToDoList */ = {
			isa = PBXGroup;
			children = (
				EC1A1ECE22AFE2A100E428F6 /* Info.plist */,
				ECB0E22522B24E510002B3B4 /* GoogleService-Info.plist */,
				EC1A1EF422AFEAC900E428F6 /* Models */,
				EC7889F222B3D86A000D8019 /* UI */,
				ECB16CB322B111FA00A9D12A /* Services */,
				EC7889F322B3D897000D8019 /* Resources */,
			);
			path = MVVM_ToDoList;
			sourceTree = "<group>";
		};
		EC1A1ED622AFE2A100E428F6 /* MVVM_ToDoListTests */ = {
			isa = PBXGroup;
			children = (
				EC1A1ED722AFE2A100E428F6 /* MVVM_ToDoListTests.swift */,
				EC1A1ED922AFE2A100E428F6 /* Info.plist */,
			);
			path = MVVM_ToDoListTests;
			sourceTree = "<group>";
		};
		EC1A1EE122AFE2A100E428F6 /* MVVM_ToDoListUITests */ = {
			isa = PBXGroup;
			children = (
				EC1A1EE222AFE2A100E428F6 /* MVVM_ToDoListUITests.swift */,
				EC1A1EE422AFE2A100E428F6 /* Info.plist */,
			);
			path = MVVM_ToDoListUITests;
			sourceTree = "<group>";
		};
		EC1A1EF422AFEAC900E428F6 /* Models */ = {
			isa = PBXGroup;
			children = (
				EC1A1EF522AFEADD00E428F6 /* TaskModel.swift */,
				ECB0E23322B27AA30002B3B4 /* TasksList.swift */,
			);
			path = Models;
			sourceTree = "<group>";
		};
		EC7889F222B3D86A000D8019 /* UI */ = {
			isa = PBXGroup;
			children = (
				EC1A1EC222AFE2A000E428F6 /* AppDelegate.swift */,
				ECB16CAE22B10EDE00A9D12A /* Scenes */,
				EC7889F522B3DA0C000D8019 /* Screens */,
				EC7889F422B3D9EC000D8019 /* Views */,
			);
			path = UI;
			sourceTree = "<group>";
		};
		EC7889F322B3D897000D8019 /* Resources */ = {
			isa = PBXGroup;
			children = (
				EC1A1EC922AFE2A100E428F6 /* Assets.xcassets */,
				EC1A1EC622AFE2A000E428F6 /* Main.storyboard */,
				EC1A1ECB22AFE2A100E428F6 /* LaunchScreen.storyboard */,
			);
			path = Resources;
			sourceTree = "<group>";
		};
		EC7889F422B3D9EC000D8019 /* Views */ = {
			isa = PBXGroup;
			children = (
				ECB16CA822B105E400A9D12A /* TaskCell.swift */,
			);
			path = Views;
			sourceTree = "<group>";
		};
		EC7889F522B3DA0C000D8019 /* Screens */ = {
			isa = PBXGroup;
			children = (
				EC7889F822B3DA3C000D8019 /* ViewController */,
				EC7889F622B3DA19000D8019 /* Navigation */,
				EC7889F722B3DA2D000D8019 /* Splash */,
				EC7889F922B3DA66000D8019 /* TasksList */,
				EC7889FA22B3DA74000D8019 /* AddTask */,
			);
			path = Screens;
			sourceTree = "<group>";
		};
		EC7889F622B3DA19000D8019 /* Navigation */ = {
			isa = PBXGroup;
			children = (
				ECB16CCA22B1284F00A9D12A /* NavigationController.swift */,
				ECB16CAC22B10DDA00A9D12A /* NavigationViewModel.swift */,
			);
			path = Navigation;
			sourceTree = "<group>";
		};
		EC7889F722B3DA2D000D8019 /* Splash */ = {
			isa = PBXGroup;
			children = (
				ECB16CC522B1210B00A9D12A /* SplashViewController.swift */,
				ECB16CC322B120E700A9D12A /* SplashViewModel.swift */,
			);
			path = Splash;
			sourceTree = "<group>";
		};
		EC7889F822B3DA3C000D8019 /* ViewController */ = {
			isa = PBXGroup;
			children = (
				EC1A1EC422AFE2A000E428F6 /* ViewController.swift */,
				ECB16CA322B0FEF800A9D12A /* ViewModel.swift */,
			);
			path = ViewController;
			sourceTree = "<group>";
		};
		EC7889F922B3DA66000D8019 /* TasksList */ = {
			isa = PBXGroup;
			children = (
				ECB16CC122B11B5700A9D12A /* TasksListViewController.swift */,
				ECB16CB122B110E900A9D12A /* TasksListViewModel.swift */,
			);
			path = TasksList;
			sourceTree = "<group>";
		};
		EC7889FA22B3DA74000D8019 /* AddTask */ = {
			isa = PBXGroup;
			children = (
				ECB0E22F22B268760002B3B4 /* AddTaskViewController.swift */,
				ECB0E22D22B268310002B3B4 /* AddTaskViewModel.swift */,
			);
			path = AddTask;
			sourceTree = "<group>";
		};
		ECB0E22922B24F120002B3B4 /* Database */ = {
			isa = PBXGroup;
			children = (
				ECB0E22722B24F0C0002B3B4 /* DatabaseService.swift */,
				ECB0E22A22B2500B0002B3B4 /* FirebaseDatabaseService.swift */,
			);
			path = Database;
			sourceTree = "<group>";
		};
		ECB16CAE22B10EDE00A9D12A /* Scenes */ = {
			isa = PBXGroup;
			children = (
				ECB16CAF22B10F3800A9D12A /* Scene.swift */,
				ECB16CCC22B129BE00A9D12A /* SceneCoordinator.swift */,
			);
			path = Scenes;
			sourceTree = "<group>";
		};
		ECB16CB322B111FA00A9D12A /* Services */ = {
			isa = PBXGroup;
			children = (
				ECB16CB422B1122500A9D12A /* Services.swift */,
				ECB16CC722B1253200A9D12A /* Scenes */,
				ECB0E22922B24F120002B3B4 /* Database */,
			);
			path = Services;
			sourceTree = "<group>";
		};
		ECB16CC722B1253200A9D12A /* Scenes */ = {
			isa = PBXGroup;
			children = (
				ECB16CC822B1254500A9D12A /* SceneType.swift */,
				ECB16CCE22B12A9600A9D12A /* SceneCoordinatorType.swift */,
				ECB16CD022B12B2000A9D12A /* SceneTransitionType.swift */,
			);
			path = Scenes;
			sourceTree = "<group>";
		};
/* End PBXGroup section */

/* Begin PBXNativeTarget section */
		EC1A1EBE22AFE2A000E428F6 /* MVVM_ToDoList */ = {
			isa = PBXNativeTarget;
			buildConfigurationList = EC1A1EE722AFE2A100E428F6 /* Build configuration list for PBXNativeTarget "MVVM_ToDoList" */;
			buildPhases = (
				AEAF01CA6C989E05262E71AC /* [CP] Check Pods Manifest.lock */,
				EC1A1EBB22AFE2A000E428F6 /* Sources */,
				EC1A1EBC22AFE2A000E428F6 /* Frameworks */,
				EC1A1EBD22AFE2A000E428F6 /* Resources */,
				D8CDB9EC8F7E9A03C9BF646F /* [CP] Embed Pods Frameworks */,
				FB132FE0A036529F3CBF0190 /* [CP] Copy Pods Resources */,
			);
			buildRules = (
			);
			dependencies = (
			);
			name = MVVM_ToDoList;
			productName = MVVM_ToDoList;
			productReference = EC1A1EBF22AFE2A000E428F6 /* MVVM_ToDoList.app */;
			productType = "com.apple.product-type.application";
		};
		EC1A1ED222AFE2A100E428F6 /* MVVM_ToDoListTests */ = {
			isa = PBXNativeTarget;
			buildConfigurationList = EC1A1EEA22AFE2A100E428F6 /* Build configuration list for PBXNativeTarget "MVVM_ToDoListTests" */;
			buildPhases = (
				EC1A1ECF22AFE2A100E428F6 /* Sources */,
				EC1A1ED022AFE2A100E428F6 /* Frameworks */,
				EC1A1ED122AFE2A100E428F6 /* Resources */,
			);
			buildRules = (
			);
			dependencies = (
				EC1A1ED522AFE2A100E428F6 /* PBXTargetDependency */,
			);
			name = MVVM_ToDoListTests;
			productName = MVVM_ToDoListTests;
			productReference = EC1A1ED322AFE2A100E428F6 /* MVVM_ToDoListTests.xctest */;
			productType = "com.apple.product-type.bundle.unit-test";
		};
		EC1A1EDD22AFE2A100E428F6 /* MVVM_ToDoListUITests */ = {
			isa = PBXNativeTarget;
			buildConfigurationList = EC1A1EED22AFE2A100E428F6 /* Build configuration list for PBXNativeTarget "MVVM_ToDoListUITests" */;
			buildPhases = (
				EC1A1EDA22AFE2A100E428F6 /* Sources */,
				EC1A1EDB22AFE2A100E428F6 /* Frameworks */,
				EC1A1EDC22AFE2A100E428F6 /* Resources */,
			);
			buildRules = (
			);
			dependencies = (
				EC1A1EE022AFE2A100E428F6 /* PBXTargetDependency */,
			);
			name = MVVM_ToDoListUITests;
			productName = MVVM_ToDoListUITests;
			productReference = EC1A1EDE22AFE2A100E428F6 /* MVVM_ToDoListUITests.xctest */;
			productType = "com.apple.product-type.bundle.ui-testing";
		};
/* End PBXNativeTarget section */

/* Begin PBXProject section */
		EC1A1EB722AFE2A000E428F6 /* Project object */ = {
			isa = PBXProject;
			attributes = {
				LastSwiftUpdateCheck = 1010;
				LastUpgradeCheck = 1010;
				ORGANIZATIONNAME = Trainee;
				TargetAttributes = {
					EC1A1EBE22AFE2A000E428F6 = {
						CreatedOnToolsVersion = 10.1;
					};
					EC1A1ED222AFE2A100E428F6 = {
						CreatedOnToolsVersion = 10.1;
						TestTargetID = EC1A1EBE22AFE2A000E428F6;
					};
					EC1A1EDD22AFE2A100E428F6 = {
						CreatedOnToolsVersion = 10.1;
						TestTargetID = EC1A1EBE22AFE2A000E428F6;
					};
				};
			};
			buildConfigurationList = EC1A1EBA22AFE2A000E428F6 /* Build configuration list for PBXProject "MVVM_ToDoList" */;
			compatibilityVersion = "Xcode 9.3";
			developmentRegion = en;
			hasScannedForEncodings = 0;
			knownRegions = (
				en,
				Base,
			);
			mainGroup = EC1A1EB622AFE2A000E428F6;
			productRefGroup = EC1A1EC022AFE2A000E428F6 /* Products */;
			projectDirPath = "";
			projectRoot = "";
			targets = (
				EC1A1EBE22AFE2A000E428F6 /* MVVM_ToDoList */,
				EC1A1ED222AFE2A100E428F6 /* MVVM_ToDoListTests */,
				EC1A1EDD22AFE2A100E428F6 /* MVVM_ToDoListUITests */,
			);
		};
/* End PBXProject section */

/* Begin PBXResourcesBuildPhase section */
		EC1A1EBD22AFE2A000E428F6 /* Resources */ = {
			isa = PBXResourcesBuildPhase;
			buildActionMask = 2147483647;
			files = (
				EC1A1ECD22AFE2A100E428F6 /* LaunchScreen.storyboard in Resources */,
				EC1A1ECA22AFE2A100E428F6 /* Assets.xcassets in Resources */,
				ECB0E22622B24E510002B3B4 /* GoogleService-Info.plist in Resources */,
				EC1A1EC822AFE2A000E428F6 /* Main.storyboard in Resources */,
			);
			runOnlyForDeploymentPostprocessing = 0;
		};
		EC1A1ED122AFE2A100E428F6 /* Resources */ = {
			isa = PBXResourcesBuildPhase;
			buildActionMask = 2147483647;
			files = (
			);
			runOnlyForDeploymentPostprocessing = 0;
		};
		EC1A1EDC22AFE2A100E428F6 /* Resources */ = {
			isa = PBXResourcesBuildPhase;
			buildActionMask = 2147483647;
			files = (
			);
			runOnlyForDeploymentPostprocessing = 0;
		};
/* End PBXResourcesBuildPhase section */

/* Begin PBXShellScriptBuildPhase section */
		AEAF01CA6C989E05262E71AC /* [CP] Check Pods Manifest.lock */ = {
			isa = PBXShellScriptBuildPhase;
			buildActionMask = 2147483647;
			files = (
			);
			inputFileListPaths = (
			);
			inputPaths = (
				"${PODS_PODFILE_DIR_PATH}/Podfile.lock",
				"${PODS_ROOT}/Manifest.lock",
			);
			name = "[CP] Check Pods Manifest.lock";
			outputFileListPaths = (
			);
			outputPaths = (
				"$(DERIVED_FILE_DIR)/Pods-MVVM_ToDoList-checkManifestLockResult.txt",
			);
			runOnlyForDeploymentPostprocessing = 0;
			shellPath = /bin/sh;
			shellScript = "diff \"${PODS_PODFILE_DIR_PATH}/Podfile.lock\" \"${PODS_ROOT}/Manifest.lock\" > /dev/null\nif [ $? != 0 ] ; then\n    # print error to STDERR\n    echo \"error: The sandbox is not in sync with the Podfile.lock. Run 'pod install' or update your CocoaPods installation.\" >&2\n    exit 1\nfi\n# This output is used by Xcode 'outputs' to avoid re-running this script phase.\necho \"SUCCESS\" > \"${SCRIPT_OUTPUT_FILE_0}\"\n";
			showEnvVarsInLog = 0;
		};
		D8CDB9EC8F7E9A03C9BF646F /* [CP] Embed Pods Frameworks */ = {
			isa = PBXShellScriptBuildPhase;
			buildActionMask = 2147483647;
			files = (
			);
			inputFileListPaths = (
			);
			inputPaths = (
				"${PODS_ROOT}/Target Support Files/Pods-MVVM_ToDoList/Pods-MVVM_ToDoList-frameworks.sh",
				"${BUILT_PRODUCTS_DIR}/Bolts/Bolts.framework",
				"${BUILT_PRODUCTS_DIR}/Differentiator/Differentiator.framework",
				"${BUILT_PRODUCTS_DIR}/FBSDKCoreKit/FBSDKCoreKit.framework",
				"${BUILT_PRODUCTS_DIR}/FBSDKLoginKit/FBSDKLoginKit.framework",
				"${BUILT_PRODUCTS_DIR}/FacebookCore/FacebookCore.framework",
				"${BUILT_PRODUCTS_DIR}/FacebookLogin/FacebookLogin.framework",
				"${BUILT_PRODUCTS_DIR}/GTMSessionFetcher/GTMSessionFetcher.framework",
				"${BUILT_PRODUCTS_DIR}/GoogleToolboxForMac/GoogleToolboxForMac.framework",
				"${BUILT_PRODUCTS_DIR}/GoogleUtilities/GoogleUtilities.framework",
				"${BUILT_PRODUCTS_DIR}/IQKeyboardManagerSwift/IQKeyboardManagerSwift.framework",
				"${BUILT_PRODUCTS_DIR}/RxCocoa/RxCocoa.framework",
				"${BUILT_PRODUCTS_DIR}/RxDataSources/RxDataSources.framework",
				"${BUILT_PRODUCTS_DIR}/RxSwift/RxSwift.framework",
				"${BUILT_PRODUCTS_DIR}/SnapKit/SnapKit.framework",
				"${BUILT_PRODUCTS_DIR}/leveldb-library/leveldb.framework",
				"${BUILT_PRODUCTS_DIR}/nanopb/nanopb.framework",
			);
			name = "[CP] Embed Pods Frameworks";
			outputFileListPaths = (
			);
			outputPaths = (
				"${TARGET_BUILD_DIR}/${FRAMEWORKS_FOLDER_PATH}/Bolts.framework",
				"${TARGET_BUILD_DIR}/${FRAMEWORKS_FOLDER_PATH}/Differentiator.framework",
				"${TARGET_BUILD_DIR}/${FRAMEWORKS_FOLDER_PATH}/FBSDKCoreKit.framework",
				"${TARGET_BUILD_DIR}/${FRAMEWORKS_FOLDER_PATH}/FBSDKLoginKit.framework",
				"${TARGET_BUILD_DIR}/${FRAMEWORKS_FOLDER_PATH}/FacebookCore.framework",
				"${TARGET_BUILD_DIR}/${FRAMEWORKS_FOLDER_PATH}/FacebookLogin.framework",
				"${TARGET_BUILD_DIR}/${FRAMEWORKS_FOLDER_PATH}/GTMSessionFetcher.framework",
				"${TARGET_BUILD_DIR}/${FRAMEWORKS_FOLDER_PATH}/GoogleToolboxForMac.framework",
				"${TARGET_BUILD_DIR}/${FRAMEWORKS_FOLDER_PATH}/GoogleUtilities.framework",
				"${TARGET_BUILD_DIR}/${FRAMEWORKS_FOLDER_PATH}/IQKeyboardManagerSwift.framework",
				"${TARGET_BUILD_DIR}/${FRAMEWORKS_FOLDER_PATH}/RxCocoa.framework",
				"${TARGET_BUILD_DIR}/${FRAMEWORKS_FOLDER_PATH}/RxDataSources.framework",
				"${TARGET_BUILD_DIR}/${FRAMEWORKS_FOLDER_PATH}/RxSwift.framework",
				"${TARGET_BUILD_DIR}/${FRAMEWORKS_FOLDER_PATH}/SnapKit.framework",
				"${TARGET_BUILD_DIR}/${FRAMEWORKS_FOLDER_PATH}/leveldb.framework",
				"${TARGET_BUILD_DIR}/${FRAMEWORKS_FOLDER_PATH}/nanopb.framework",
			);
			runOnlyForDeploymentPostprocessing = 0;
			shellPath = /bin/sh;
			shellScript = "\"${PODS_ROOT}/Target Support Files/Pods-MVVM_ToDoList/Pods-MVVM_ToDoList-frameworks.sh\"\n";
			showEnvVarsInLog = 0;
		};
		FB132FE0A036529F3CBF0190 /* [CP] Copy Pods Resources */ = {
			isa = PBXShellScriptBuildPhase;
			buildActionMask = 2147483647;
			files = (
			);
			inputFileListPaths = (
			);
			inputPaths = (
				"${PODS_ROOT}/Target Support Files/Pods-MVVM_ToDoList/Pods-MVVM_ToDoList-resources.sh",
				"${PODS_ROOT}/GoogleSignIn/Resources/GoogleSignIn.bundle",
			);
			name = "[CP] Copy Pods Resources";
			outputFileListPaths = (
			);
			outputPaths = (
				"${TARGET_BUILD_DIR}/${UNLOCALIZED_RESOURCES_FOLDER_PATH}/GoogleSignIn.bundle",
			);
			runOnlyForDeploymentPostprocessing = 0;
			shellPath = /bin/sh;
			shellScript = "\"${PODS_ROOT}/Target Support Files/Pods-MVVM_ToDoList/Pods-MVVM_ToDoList-resources.sh\"\n";
			showEnvVarsInLog = 0;
		};
/* End PBXShellScriptBuildPhase section */

/* Begin PBXSourcesBuildPhase section */
		EC1A1EBB22AFE2A000E428F6 /* Sources */ = {
			isa = PBXSourcesBuildPhase;
			buildActionMask = 2147483647;
			files = (
				EC1A1EF622AFEADD00E428F6 /* TaskModel.swift in Sources */,
				EC1A1EC522AFE2A000E428F6 /* ViewController.swift in Sources */,
				ECB16CD122B12B2000A9D12A /* SceneTransitionType.swift in Sources */,
				ECB16CC622B1210B00A9D12A /* SplashViewController.swift in Sources */,
				ECB16CC222B11B5700A9D12A /* TasksListViewController.swift in Sources */,
				ECB16CC922B1254500A9D12A /* SceneType.swift in Sources */,
				ECB16CB222B110E900A9D12A /* TasksListViewModel.swift in Sources */,
				ECB16CCF22B12A9600A9D12A /* SceneCoordinatorType.swift in Sources */,
				ECB16CC422B120E700A9D12A /* SplashViewModel.swift in Sources */,
				ECB16CA422B0FEF800A9D12A /* ViewModel.swift in Sources */,
				ECB0E22E22B268310002B3B4 /* AddTaskViewModel.swift in Sources */,
				ECB16CCD22B129BE00A9D12A /* SceneCoordinator.swift in Sources */,
				ECB16CAD22B10DDA00A9D12A /* NavigationViewModel.swift in Sources */,
				ECB0E22B22B2500B0002B3B4 /* FirebaseDatabaseService.swift in Sources */,
				ECB16CCB22B1284F00A9D12A /* NavigationController.swift in Sources */,
				ECB16CB022B10F3800A9D12A /* Scene.swift in Sources */,
				ECB0E23022B268760002B3B4 /* AddTaskViewController.swift in Sources */,
				ECB16CB522B1122500A9D12A /* Services.swift in Sources */,
				ECB16CA922B105E400A9D12A /* TaskCell.swift in Sources */,
				EC1A1EC322AFE2A000E428F6 /* AppDelegate.swift in Sources */,
				ECB0E22822B24F0C0002B3B4 /* DatabaseService.swift in Sources */,
				ECB0E23422B27AA30002B3B4 /* TasksList.swift in Sources */,
			);
			runOnlyForDeploymentPostprocessing = 0;
		};
		EC1A1ECF22AFE2A100E428F6 /* Sources */ = {
			isa = PBXSourcesBuildPhase;
			buildActionMask = 2147483647;
			files = (
				EC1A1ED822AFE2A100E428F6 /* MVVM_ToDoListTests.swift in Sources */,
			);
			runOnlyForDeploymentPostprocessing = 0;
		};
		EC1A1EDA22AFE2A100E428F6 /* Sources */ = {
			isa = PBXSourcesBuildPhase;
			buildActionMask = 2147483647;
			files = (
				EC1A1EE322AFE2A100E428F6 /* MVVM_ToDoListUITests.swift in Sources */,
			);
			runOnlyForDeploymentPostprocessing = 0;
		};
/* End PBXSourcesBuildPhase section */

/* Begin PBXTargetDependency section */
		EC1A1ED522AFE2A100E428F6 /* PBXTargetDependency */ = {
			isa = PBXTargetDependency;
			target = EC1A1EBE22AFE2A000E428F6 /* MVVM_ToDoList */;
			targetProxy = EC1A1ED422AFE2A100E428F6 /* PBXContainerItemProxy */;
		};
		EC1A1EE022AFE2A100E428F6 /* PBXTargetDependency */ = {
			isa = PBXTargetDependency;
			target = EC1A1EBE22AFE2A000E428F6 /* MVVM_ToDoList */;
			targetProxy = EC1A1EDF22AFE2A100E428F6 /* PBXContainerItemProxy */;
		};
/* End PBXTargetDependency section */

/* Begin PBXVariantGroup section */
		EC1A1EC622AFE2A000E428F6 /* Main.storyboard */ = {
			isa = PBXVariantGroup;
			children = (
				EC1A1EC722AFE2A000E428F6 /* Base */,
			);
			name = Main.storyboard;
			sourceTree = "<group>";
		};
		EC1A1ECB22AFE2A100E428F6 /* LaunchScreen.storyboard */ = {
			isa = PBXVariantGroup;
			children = (
				EC1A1ECC22AFE2A100E428F6 /* Base */,
			);
			name = LaunchScreen.storyboard;
			sourceTree = "<group>";
		};
/* End PBXVariantGroup section */

/* Begin XCBuildConfiguration section */
		EC1A1EE522AFE2A100E428F6 /* Debug */ = {
			isa = XCBuildConfiguration;
			buildSettings = {
				ALWAYS_SEARCH_USER_PATHS = NO;
				CLANG_ANALYZER_NONNULL = YES;
				CLANG_ANALYZER_NUMBER_OBJECT_CONVERSION = YES_AGGRESSIVE;
				CLANG_CXX_LANGUAGE_STANDARD = "gnu++14";
				CLANG_CXX_LIBRARY = "libc++";
				CLANG_ENABLE_MODULES = YES;
				CLANG_ENABLE_OBJC_ARC = YES;
				CLANG_ENABLE_OBJC_WEAK = YES;
				CLANG_WARN_BLOCK_CAPTURE_AUTORELEASING = YES;
				CLANG_WARN_BOOL_CONVERSION = YES;
				CLANG_WARN_COMMA = YES;
				CLANG_WARN_CONSTANT_CONVERSION = YES;
				CLANG_WARN_DEPRECATED_OBJC_IMPLEMENTATIONS = YES;
				CLANG_WARN_DIRECT_OBJC_ISA_USAGE = YES_ERROR;
				CLANG_WARN_DOCUMENTATION_COMMENTS = YES;
				CLANG_WARN_EMPTY_BODY = YES;
				CLANG_WARN_ENUM_CONVERSION = YES;
				CLANG_WARN_INFINITE_RECURSION = YES;
				CLANG_WARN_INT_CONVERSION = YES;
				CLANG_WARN_NON_LITERAL_NULL_CONVERSION = YES;
				CLANG_WARN_OBJC_IMPLICIT_RETAIN_SELF = YES;
				CLANG_WARN_OBJC_LITERAL_CONVERSION = YES;
				CLANG_WARN_OBJC_ROOT_CLASS = YES_ERROR;
				CLANG_WARN_RANGE_LOOP_ANALYSIS = YES;
				CLANG_WARN_STRICT_PROTOTYPES = YES;
				CLANG_WARN_SUSPICIOUS_MOVE = YES;
				CLANG_WARN_UNGUARDED_AVAILABILITY = YES_AGGRESSIVE;
				CLANG_WARN_UNREACHABLE_CODE = YES;
				CLANG_WARN__DUPLICATE_METHOD_MATCH = YES;
				CODE_SIGN_IDENTITY = "iPhone Developer";
				COPY_PHASE_STRIP = NO;
				DEBUG_INFORMATION_FORMAT = dwarf;
				ENABLE_STRICT_OBJC_MSGSEND = YES;
				ENABLE_TESTABILITY = YES;
				GCC_C_LANGUAGE_STANDARD = gnu11;
				GCC_DYNAMIC_NO_PIC = NO;
				GCC_NO_COMMON_BLOCKS = YES;
				GCC_OPTIMIZATION_LEVEL = 0;
				GCC_PREPROCESSOR_DEFINITIONS = (
					"DEBUG=1",
					"$(inherited)",
				);
				GCC_WARN_64_TO_32_BIT_CONVERSION = YES;
				GCC_WARN_ABOUT_RETURN_TYPE = YES_ERROR;
				GCC_WARN_UNDECLARED_SELECTOR = YES;
				GCC_WARN_UNINITIALIZED_AUTOS = YES_AGGRESSIVE;
				GCC_WARN_UNUSED_FUNCTION = YES;
				GCC_WARN_UNUSED_VARIABLE = YES;
				IPHONEOS_DEPLOYMENT_TARGET = 12.1;
				MTL_ENABLE_DEBUG_INFO = INCLUDE_SOURCE;
				MTL_FAST_MATH = YES;
				ONLY_ACTIVE_ARCH = YES;
				SDKROOT = iphoneos;
				SWIFT_ACTIVE_COMPILATION_CONDITIONS = DEBUG;
				SWIFT_OPTIMIZATION_LEVEL = "-Onone";
			};
			name = Debug;
		};
		EC1A1EE622AFE2A100E428F6 /* Release */ = {
			isa = XCBuildConfiguration;
			buildSettings = {
				ALWAYS_SEARCH_USER_PATHS = NO;
				CLANG_ANALYZER_NONNULL = YES;
				CLANG_ANALYZER_NUMBER_OBJECT_CONVERSION = YES_AGGRESSIVE;
				CLANG_CXX_LANGUAGE_STANDARD = "gnu++14";
				CLANG_CXX_LIBRARY = "libc++";
				CLANG_ENABLE_MODULES = YES;
				CLANG_ENABLE_OBJC_ARC = YES;
				CLANG_ENABLE_OBJC_WEAK = YES;
				CLANG_WARN_BLOCK_CAPTURE_AUTORELEASING = YES;
				CLANG_WARN_BOOL_CONVERSION = YES;
				CLANG_WARN_COMMA = YES;
				CLANG_WARN_CONSTANT_CONVERSION = YES;
				CLANG_WARN_DEPRECATED_OBJC_IMPLEMENTATIONS = YES;
				CLANG_WARN_DIRECT_OBJC_ISA_USAGE = YES_ERROR;
				CLANG_WARN_DOCUMENTATION_COMMENTS = YES;
				CLANG_WARN_EMPTY_BODY = YES;
				CLANG_WARN_ENUM_CONVERSION = YES;
				CLANG_WARN_INFINITE_RECURSION = YES;
				CLANG_WARN_INT_CONVERSION = YES;
				CLANG_WARN_NON_LITERAL_NULL_CONVERSION = YES;
				CLANG_WARN_OBJC_IMPLICIT_RETAIN_SELF = YES;
				CLANG_WARN_OBJC_LITERAL_CONVERSION = YES;
				CLANG_WARN_OBJC_ROOT_CLASS = YES_ERROR;
				CLANG_WARN_RANGE_LOOP_ANALYSIS = YES;
				CLANG_WARN_STRICT_PROTOTYPES = YES;
				CLANG_WARN_SUSPICIOUS_MOVE = YES;
				CLANG_WARN_UNGUARDED_AVAILABILITY = YES_AGGRESSIVE;
				CLANG_WARN_UNREACHABLE_CODE = YES;
				CLANG_WARN__DUPLICATE_METHOD_MATCH = YES;
				CODE_SIGN_IDENTITY = "iPhone Developer";
				COPY_PHASE_STRIP = NO;
				DEBUG_INFORMATION_FORMAT = "dwarf-with-dsym";
				ENABLE_NS_ASSERTIONS = NO;
				ENABLE_STRICT_OBJC_MSGSEND = YES;
				GCC_C_LANGUAGE_STANDARD = gnu11;
				GCC_NO_COMMON_BLOCKS = YES;
				GCC_WARN_64_TO_32_BIT_CONVERSION = YES;
				GCC_WARN_ABOUT_RETURN_TYPE = YES_ERROR;
				GCC_WARN_UNDECLARED_SELECTOR = YES;
				GCC_WARN_UNINITIALIZED_AUTOS = YES_AGGRESSIVE;
				GCC_WARN_UNUSED_FUNCTION = YES;
				GCC_WARN_UNUSED_VARIABLE = YES;
				IPHONEOS_DEPLOYMENT_TARGET = 12.1;
				MTL_ENABLE_DEBUG_INFO = NO;
				MTL_FAST_MATH = YES;
				SDKROOT = iphoneos;
				SWIFT_COMPILATION_MODE = wholemodule;
				SWIFT_OPTIMIZATION_LEVEL = "-O";
				VALIDATE_PRODUCT = YES;
			};
			name = Release;
		};
		EC1A1EE822AFE2A100E428F6 /* Debug */ = {
			isa = XCBuildConfiguration;
			baseConfigurationReference = 10EF562D6D2D44150779B98D /* Pods-MVVM_ToDoList.debug.xcconfig */;
			buildSettings = {
				ASSETCATALOG_COMPILER_APPICON_NAME = AppIcon;
				CODE_SIGN_STYLE = Automatic;
				INFOPLIST_FILE = MVVM_ToDoList/Info.plist;
				LD_RUNPATH_SEARCH_PATHS = (
					"$(inherited)",
					"@executable_path/Frameworks",
				);
				PRODUCT_BUNDLE_IDENTIFIER = "dev.MVVM-ToDoList";
				PRODUCT_NAME = "$(TARGET_NAME)";
				SWIFT_VERSION = 4.2;
				TARGETED_DEVICE_FAMILY = "1,2";
			};
			name = Debug;
		};
		EC1A1EE922AFE2A100E428F6 /* Release */ = {
			isa = XCBuildConfiguration;
			baseConfigurationReference = E30BEA74580EA514B8DF1568 /* Pods-MVVM_ToDoList.release.xcconfig */;
			buildSettings = {
				ASSETCATALOG_COMPILER_APPICON_NAME = AppIcon;
				CODE_SIGN_STYLE = Automatic;
				INFOPLIST_FILE = MVVM_ToDoList/Info.plist;
				LD_RUNPATH_SEARCH_PATHS = (
					"$(inherited)",
					"@executable_path/Frameworks",
				);
				PRODUCT_BUNDLE_IDENTIFIER = "dev.MVVM-ToDoList";
				PRODUCT_NAME = "$(TARGET_NAME)";
				SWIFT_VERSION = 4.2;
				TARGETED_DEVICE_FAMILY = "1,2";
			};
			name = Release;
		};
		EC1A1EEB22AFE2A100E428F6 /* Debug */ = {
			isa = XCBuildConfiguration;
			buildSettings = {
				ALWAYS_EMBED_SWIFT_STANDARD_LIBRARIES = YES;
				BUNDLE_LOADER = "$(TEST_HOST)";
				CODE_SIGN_STYLE = Automatic;
				INFOPLIST_FILE = MVVM_ToDoListTests/Info.plist;
				LD_RUNPATH_SEARCH_PATHS = (
					"$(inherited)",
					"@executable_path/Frameworks",
					"@loader_path/Frameworks",
				);
				PRODUCT_BUNDLE_IDENTIFIER = "dev.MVVM-ToDoListTests";
				PRODUCT_NAME = "$(TARGET_NAME)";
				SWIFT_VERSION = 4.2;
				TARGETED_DEVICE_FAMILY = "1,2";
				TEST_HOST = "$(BUILT_PRODUCTS_DIR)/MVVM_ToDoList.app/MVVM_ToDoList";
			};
			name = Debug;
		};
		EC1A1EEC22AFE2A100E428F6 /* Release */ = {
			isa = XCBuildConfiguration;
			buildSettings = {
				ALWAYS_EMBED_SWIFT_STANDARD_LIBRARIES = YES;
				BUNDLE_LOADER = "$(TEST_HOST)";
				CODE_SIGN_STYLE = Automatic;
				INFOPLIST_FILE = MVVM_ToDoListTests/Info.plist;
				LD_RUNPATH_SEARCH_PATHS = (
					"$(inherited)",
					"@executable_path/Frameworks",
					"@loader_path/Frameworks",
				);
				PRODUCT_BUNDLE_IDENTIFIER = "dev.MVVM-ToDoListTests";
				PRODUCT_NAME = "$(TARGET_NAME)";
				SWIFT_VERSION = 4.2;
				TARGETED_DEVICE_FAMILY = "1,2";
				TEST_HOST = "$(BUILT_PRODUCTS_DIR)/MVVM_ToDoList.app/MVVM_ToDoList";
			};
			name = Release;
		};
		EC1A1EEE22AFE2A100E428F6 /* Debug */ = {
			isa = XCBuildConfiguration;
			buildSettings = {
				ALWAYS_EMBED_SWIFT_STANDARD_LIBRARIES = YES;
				CODE_SIGN_STYLE = Automatic;
				INFOPLIST_FILE = MVVM_ToDoListUITests/Info.plist;
				LD_RUNPATH_SEARCH_PATHS = (
					"$(inherited)",
					"@executable_path/Frameworks",
					"@loader_path/Frameworks",
				);
				PRODUCT_BUNDLE_IDENTIFIER = "dev.MVVM-ToDoListUITests";
				PRODUCT_NAME = "$(TARGET_NAME)";
				SWIFT_VERSION = 4.2;
				TARGETED_DEVICE_FAMILY = "1,2";
				TEST_TARGET_NAME = MVVM_ToDoList;
			};
			name = Debug;
		};
		EC1A1EEF22AFE2A100E428F6 /* Release */ = {
			isa = XCBuildConfiguration;
			buildSettings = {
				ALWAYS_EMBED_SWIFT_STANDARD_LIBRARIES = YES;
				CODE_SIGN_STYLE = Automatic;
				INFOPLIST_FILE = MVVM_ToDoListUITests/Info.plist;
				LD_RUNPATH_SEARCH_PATHS = (
					"$(inherited)",
					"@executable_path/Frameworks",
					"@loader_path/Frameworks",
				);
				PRODUCT_BUNDLE_IDENTIFIER = "dev.MVVM-ToDoListUITests";
				PRODUCT_NAME = "$(TARGET_NAME)";
				SWIFT_VERSION = 4.2;
				TARGETED_DEVICE_FAMILY = "1,2";
				TEST_TARGET_NAME = MVVM_ToDoList;
			};
			name = Release;
		};
/* End XCBuildConfiguration section */

/* Begin XCConfigurationList section */
		EC1A1EBA22AFE2A000E428F6 /* Build configuration list for PBXProject "MVVM_ToDoList" */ = {
			isa = XCConfigurationList;
			buildConfigurations = (
				EC1A1EE522AFE2A100E428F6 /* Debug */,
				EC1A1EE622AFE2A100E428F6 /* Release */,
			);
			defaultConfigurationIsVisible = 0;
			defaultConfigurationName = Release;
		};
		EC1A1EE722AFE2A100E428F6 /* Build configuration list for PBXNativeTarget "MVVM_ToDoList" */ = {
			isa = XCConfigurationList;
			buildConfigurations = (
				EC1A1EE822AFE2A100E428F6 /* Debug */,
				EC1A1EE922AFE2A100E428F6 /* Release */,
			);
			defaultConfigurationIsVisible = 0;
			defaultConfigurationName = Release;
		};
		EC1A1EEA22AFE2A100E428F6 /* Build configuration list for PBXNativeTarget "MVVM_ToDoListTests" */ = {
			isa = XCConfigurationList;
			buildConfigurations = (
				EC1A1EEB22AFE2A100E428F6 /* Debug */,
				EC1A1EEC22AFE2A100E428F6 /* Release */,
			);
			defaultConfigurationIsVisible = 0;
			defaultConfigurationName = Release;
		};
		EC1A1EED22AFE2A100E428F6 /* Build configuration list for PBXNativeTarget "MVVM_ToDoListUITests" */ = {
			isa = XCConfigurationList;
			buildConfigurations = (
				EC1A1EEE22AFE2A100E428F6 /* Debug */,
				EC1A1EEF22AFE2A100E428F6 /* Release */,
			);
			defaultConfigurationIsVisible = 0;
			defaultConfigurationName = Release;
		};
/* End XCConfigurationList section */
	};
	rootObject = EC1A1EB722AFE2A000E428F6 /* Project object */;
}
